Microsoft Visual Studio Solution File, Format Version 12.00
# Visual Studio 2012
Project("{FAE04EC0-301F-11D3-BF4B-00C04F79EFBC}") = "TeamcityNotifier", "TeamcityNotifier\TeamcityNotifier.csproj", "{5A55BC91-BEEF-401C-8DFF-BB84CA1E932E}"
EndProject
Project("{FAE04EC0-301F-11D3-BF4B-00C04F79EFBC}") = "TeamcityNotifier.Test", "TeamcityNotifier.Test\TeamcityNotifier.Test.csproj", "{5BD94848-C043-4FAD-B417-271E2FE02344}"
EndProject
Project("{FAE04EC0-301F-11D3-BF4B-00C04F79EFBC}") = "TeamcityNotifier.Specification", "TeamcityNotifier.Specification\TeamcityNotifier.Specification.csproj", "{DEA54917-630B-4727-84AA-83AA7943EA6B}"
EndProject
Project("{2150E333-8FDC-42A3-9474-1A3956D46DE8}") = ".nuget", ".nuget", "{60E049AA-D1DC-458D-868E-2FED8496970E}"
	ProjectSection(SolutionItems) = preProject
		.nuget\NuGet.Config = .nuget\NuGet.Config
		.nuget\NuGet.exe = .nuget\NuGet.exe
		.nuget\NuGet.targets = .nuget\NuGet.targets
		.nuget\packages.config = .nuget\packages.config
	EndProjectSection
EndProject
Project("{FAE04EC0-301F-11D3-BF4B-00C04F79EFBC}") = "TeamcityNotifier.DataAbstraction", "DataAbstraction\TeamcityNotifier.DataAbstraction.csproj", "{81EBFF08-8B12-4FD1-9C38-C4331EE9853E}"
EndProject
Global
	GlobalSection(SolutionConfigurationPlatforms) = preSolution
		Debug|Any CPU = Debug|Any CPU
		Debug|ARM = Debug|ARM
		Debug|x64 = Debug|x64
		Debug|x86 = Debug|x86
		Release|Any CPU = Release|Any CPU
		Release|ARM = Release|ARM
		Release|x64 = Release|x64
		Release|x86 = Release|x86
	EndGlobalSection
	GlobalSection(ProjectConfigurationPlatforms) = postSolution
		{5A55BC91-BEEF-401C-8DFF-BB84CA1E932E}.Debug|Any CPU.ActiveCfg = Debug|Any CPU
		{5A55BC91-BEEF-401C-8DFF-BB84CA1E932E}.Debug|Any CPU.Build.0 = Debug|Any CPU
		{5A55BC91-BEEF-401C-8DFF-BB84CA1E932E}.Debug|ARM.ActiveCfg = Debug|Any CPU
		{5A55BC91-BEEF-401C-8DFF-BB84CA1E932E}.Debug|x64.ActiveCfg = Debug|Any CPU
		{5A55BC91-BEEF-401C-8DFF-BB84CA1E932E}.Debug|x86.ActiveCfg = Debug|Any CPU
		{5A55BC91-BEEF-401C-8DFF-BB84CA1E932E}.Release|Any CPU.ActiveCfg = Release|Any CPU
		{5A55BC91-BEEF-401C-8DFF-BB84CA1E932E}.Release|Any CPU.Build.0 = Release|Any CPU
		{5A55BC91-BEEF-401C-8DFF-BB84CA1E932E}.Release|ARM.ActiveCfg = Release|Any CPU
		{5A55BC91-BEEF-401C-8DFF-BB84CA1E932E}.Release|x64.ActiveCfg = Release|Any CPU
		{5A55BC91-BEEF-401C-8DFF-BB84CA1E932E}.Release|x86.ActiveCfg = Release|Any CPU
		{5BD94848-C043-4FAD-B417-271E2FE02344}.Debug|Any CPU.ActiveCfg = Debug|Any CPU
		{5BD94848-C043-4FAD-B417-271E2FE02344}.Debug|Any CPU.Build.0 = Debug|Any CPU
		{5BD94848-C043-4FAD-B417-271E2FE02344}.Debug|ARM.ActiveCfg = Debug|Any CPU
		{5BD94848-C043-4FAD-B417-271E2FE02344}.Debug|x64.ActiveCfg = Debug|Any CPU
		{5BD94848-C043-4FAD-B417-271E2FE02344}.Debug|x86.ActiveCfg = Debug|Any CPU
		{5BD94848-C043-4FAD-B417-271E2FE02344}.Release|Any CPU.ActiveCfg = Release|Any CPU
		{5BD94848-C043-4FAD-B417-271E2FE02344}.Release|Any CPU.Build.0 = Release|Any CPU
		{5BD94848-C043-4FAD-B417-271E2FE02344}.Release|ARM.ActiveCfg = Release|Any CPU
		{5BD94848-C043-4FAD-B417-271E2FE02344}.Release|x64.ActiveCfg = Release|Any CPU
		{5BD94848-C043-4FAD-B417-271E2FE02344}.Release|x86.ActiveCfg = Release|Any CPU
		{DEA54917-630B-4727-84AA-83AA7943EA6B}.Debug|Any CPU.ActiveCfg = Debug|Any CPU
		{DEA54917-630B-4727-84AA-83AA7943EA6B}.Debug|Any CPU.Build.0 = Debug|Any CPU
		{DEA54917-630B-4727-84AA-83AA7943EA6B}.Debug|ARM.ActiveCfg = Debug|Any CPU
		{DEA54917-630B-4727-84AA-83AA7943EA6B}.Debug|x64.ActiveCfg = Debug|Any CPU
		{DEA54917-630B-4727-84AA-83AA7943EA6B}.Debug|x86.ActiveCfg = Debug|Any CPU
		{DEA54917-630B-4727-84AA-83AA7943EA6B}.Release|Any CPU.ActiveCfg = Release|Any CPU
		{DEA54917-630B-4727-84AA-83AA7943EA6B}.Release|Any CPU.Build.0 = Release|Any CPU
		{DEA54917-630B-4727-84AA-83AA7943EA6B}.Release|ARM.ActiveCfg = Release|Any CPU
		{DEA54917-630B-4727-84AA-83AA7943EA6B}.Release|x64.ActiveCfg = Release|Any CPU
		{DEA54917-630B-4727-84AA-83AA7943EA6B}.Release|x86.ActiveCfg = Release|Any CPU
		{81EBFF08-8B12-4FD1-9C38-C4331EE9853E}.Debug|Any CPU.ActiveCfg = Debug|Any CPU
		{81EBFF08-8B12-4FD1-9C38-C4331EE9853E}.Debug|Any CPU.Build.0 = Debug|Any CPU
		{81EBFF08-8B12-4FD1-9C38-C4331EE9853E}.Debug|ARM.ActiveCfg = Debug|Any CPU
		{81EBFF08-8B12-4FD1-9C38-C4331EE9853E}.Debug|x64.ActiveCfg = Debug|Any CPU
		{81EBFF08-8B12-4FD1-9C38-C4331EE9853E}.Debug|x86.ActiveCfg = Debug|Any CPU
		{81EBFF08-8B12-4FD1-9C38-C4331EE9853E}.Release|Any CPU.ActiveCfg = Release|Any CPU
		{81EBFF08-8B12-4FD1-9C38-C4331EE9853E}.Release|Any CPU.Build.0 = Release|Any CPU
		{81EBFF08-8B12-4FD1-9C38-C4331EE9853E}.Release|ARM.ActiveCfg = Release|Any CPU
		{81EBFF08-8B12-4FD1-9C38-C4331EE9853E}.Release|x64.ActiveCfg = Release|Any CPU
		{81EBFF08-8B12-4FD1-9C38-C4331EE9853E}.Release|x86.ActiveCfg = Release|Any CPU
	EndGlobalSection
	GlobalSection(SolutionProperties) = preSolution
		HideSolutionNode = FALSE
	EndGlobalSection
EndGlobal
